
Microsoft Visual Studio Solution File, Format Version 11.00
# Visual Studio 2010
Project("{FAE04EC0-301F-11D3-BF4B-00C04F79EFBC}") = "MySampleApp", "MySampleApp\MySampleApp.csproj", "{605AA843-2279-4223-9D95-73A42A3C3BCC}"
EndProject
Global
	GlobalSection(SolutionConfigurationPlatforms) = preSolution
		Debug|Any CPU = Debug|Any CPU
		Release|Any CPU = Release|Any CPU
	EndGlobalSection
	GlobalSection(ProjectConfigurationPlatforms) = postSolution
		{605AA843-2279-4223-9D95-73A42A3C3BCC}.Debug|Any CPU.ActiveCfg = Debug|Any CPU
		{605AA843-2279-4223-9D95-73A42A3C3BCC}.Debug|Any CPU.Build.0 = Debug|Any CPU
		{605AA843-2279-4223-9D95-73A42A3C3BCC}.Release|Any CPU.ActiveCfg = Release|Any CPU
		{605AA843-2279-4223-9D95-73A42A3C3BCC}.Release|Any CPU.Build.0 = Release|Any CPU
	EndGlobalSection
	GlobalSection(SolutionProperties) = preSolution
		HideSolutionNode = FALSE
	EndGlobalSection
EndGlobal
